
Microsoft Visual Studio Solution File, Format Version 12.00
# Visual Studio Version 17
VisualStudioVersion = 17.13.35919.96 d17.13
MinimumVisualStudioVersion = 10.0.40219.1
Project("{FAE04EC0-301F-11D3-BF4B-00C04F79EFBC}") = "WpfApp2", "WpfApp2\WpfApp2.csproj", "{D670FE97-D843-4914-868E-51E9F8343C05}"
EndProject
Global
	GlobalSection(SolutionConfigurationPlatforms) = preSolution
		Debug|Any CPU = Debug|Any CPU
		Release|Any CPU = Release|Any CPU
	EndGlobalSection
	GlobalSection(ProjectConfigurationPlatforms) = postSolution
		{D670FE97-D843-4914-868E-51E9F8343C05}.Debug|Any CPU.ActiveCfg = Debug|Any CPU
		{D670FE97-D843-4914-868E-51E9F8343C05}.Debug|Any CPU.Build.0 = Debug|Any CPU
		{D670FE97-D843-4914-868E-51E9F8343C05}.Release|Any CPU.ActiveCfg = Release|Any CPU
		{D670FE97-D843-4914-868E-51E9F8343C05}.Release|Any CPU.Build.0 = Release|Any CPU
	EndGlobalSection
	GlobalSection(SolutionProperties) = preSolution
		HideSolutionNode = FALSE
	EndGlobalSection
	GlobalSection(ExtensibilityGlobals) = postSolution
		SolutionGuid = {34DD17B7-059C-4938-84E6-FC98750D2CF5}
	EndGlobalSection
EndGlobal
